# This file was autogenerated by Stack.
# You should not edit this file by hand.
# For more information, please see the documentation at:
#   https://docs.haskellstack.org/en/stable/lock_files

packages:
- completed:
    hackage: haquery-0.1.1.3@sha256:b2cbed9ef0c3824ea652b069d1ebb361699e1793b1dd5685e128d25bdc897ff1,879
    pantry-tree:
      size: 206
      sha256: 1668fb57844ae297d6892d527f1217f135ce407b3bbb5e17d20224714b8912a6
  original:
    hackage: haquery-0.1.1.3
snapshots:
- completed:
    size: 525876
    url: https://raw.githubusercontent.com/commercialhaskell/stackage-snapshots/master/lts/14/13.yaml
    sha256: 4a0e79eb194c937cc2a1852ff84d983c63ac348dc6bad5f38d20cab697036eef
  original: lts-14.13
